
Microsoft Visual Studio Solution File, Format Version 12.00
# Visual Studio Version 16
VisualStudioVersion = 16.0.31019.35
MinimumVisualStudioVersion = 10.0.40219.1
Project("{FAE04EC0-301F-11D3-BF4B-00C04F79EFBC}") = "DAL", "DAL\DAL.csproj", "{90B83F13-3C1A-42E4-AD5F-E5FBAA159499}"
EndProject
Project("{FAE04EC0-301F-11D3-BF4B-00C04F79EFBC}") = "BL", "BL\BL.csproj", "{FF224790-12BC-4D48-ADA1-BCED08198550}"
EndProject
Project("{FAE04EC0-301F-11D3-BF4B-00C04F79EFBC}") = "Web", "Web\Web.csproj", "{DA0B0492-8F35-4981-BA0F-0DAA6FB1ECC1}"
EndProject
Project("{FAE04EC0-301F-11D3-BF4B-00C04F79EFBC}") = "BL.tests", "BL.tests\BL.tests.csproj", "{E015197A-4C81-4B43-BF86-679AE32D9560}"
EndProject
Global
	GlobalSection(SolutionConfigurationPlatforms) = preSolution
		Debug|Any CPU = Debug|Any CPU
		Release|Any CPU = Release|Any CPU
	EndGlobalSection
	GlobalSection(ProjectConfigurationPlatforms) = postSolution
		{90B83F13-3C1A-42E4-AD5F-E5FBAA159499}.Debug|Any CPU.ActiveCfg = Debug|Any CPU
		{90B83F13-3C1A-42E4-AD5F-E5FBAA159499}.Debug|Any CPU.Build.0 = Debug|Any CPU
		{90B83F13-3C1A-42E4-AD5F-E5FBAA159499}.Release|Any CPU.ActiveCfg = Release|Any CPU
		{90B83F13-3C1A-42E4-AD5F-E5FBAA159499}.Release|Any CPU.Build.0 = Release|Any CPU
		{FF224790-12BC-4D48-ADA1-BCED08198550}.Debug|Any CPU.ActiveCfg = Debug|Any CPU
		{FF224790-12BC-4D48-ADA1-BCED08198550}.Debug|Any CPU.Build.0 = Debug|Any CPU
		{FF224790-12BC-4D48-ADA1-BCED08198550}.Release|Any CPU.ActiveCfg = Release|Any CPU
		{FF224790-12BC-4D48-ADA1-BCED08198550}.Release|Any CPU.Build.0 = Release|Any CPU
		{DA0B0492-8F35-4981-BA0F-0DAA6FB1ECC1}.Debug|Any CPU.ActiveCfg = Debug|Any CPU
		{DA0B0492-8F35-4981-BA0F-0DAA6FB1ECC1}.Debug|Any CPU.Build.0 = Debug|Any CPU
		{DA0B0492-8F35-4981-BA0F-0DAA6FB1ECC1}.Release|Any CPU.ActiveCfg = Release|Any CPU
		{DA0B0492-8F35-4981-BA0F-0DAA6FB1ECC1}.Release|Any CPU.Build.0 = Release|Any CPU
		{E015197A-4C81-4B43-BF86-679AE32D9560}.Debug|Any CPU.ActiveCfg = Debug|Any CPU
		{E015197A-4C81-4B43-BF86-679AE32D9560}.Debug|Any CPU.Build.0 = Debug|Any CPU
		{E015197A-4C81-4B43-BF86-679AE32D9560}.Release|Any CPU.ActiveCfg = Release|Any CPU
		{E015197A-4C81-4B43-BF86-679AE32D9560}.Release|Any CPU.Build.0 = Release|Any CPU
	EndGlobalSection
	GlobalSection(SolutionProperties) = preSolution
		HideSolutionNode = FALSE
	EndGlobalSection
	GlobalSection(ExtensibilityGlobals) = postSolution
		SolutionGuid = {90C6668E-CD2B-4782-B3AC-9CBB0BCCBB3A}
	EndGlobalSection
EndGlobal
